// !$*UTF8*$!
{
	archiveVersion = 1;
	classes = {
	};
	objectVersion = 52;
	objects = {

/* Begin PBXBuildFile section */
		63112ECC26C5443D00B8EC8F /* TabbarController.swift in Sources */ = {isa = PBXBuildFile; fileRef = 63112ECA26C5443C00B8EC8F /* TabbarController.swift */; };
		63112ECD26C5443D00B8EC8F /* TabbarView.swift in Sources */ = {isa = PBXBuildFile; fileRef = 63112ECB26C5443D00B8EC8F /* TabbarView.swift */; };
		63112ED026C56E6B00B8EC8F /* CalendarFormView.swift in Sources */ = {isa = PBXBuildFile; fileRef = 63112ECF26C56E6B00B8EC8F /* CalendarFormView.swift */; };
		63112ED226C56E7800B8EC8F /* CalendarDetailView.swift in Sources */ = {isa = PBXBuildFile; fileRef = 63112ED126C56E7800B8EC8F /* CalendarDetailView.swift */; };
		631977FB26C1629A00826122 /* CalendarListView.swift in Sources */ = {isa = PBXBuildFile; fileRef = 631977FA26C1629A00826122 /* CalendarListView.swift */; };
		631977FD26C162AD00826122 /* CaledarsViewModel.swift in Sources */ = {isa = PBXBuildFile; fileRef = 631977FC26C162AD00826122 /* CaledarsViewModel.swift */; };
		631977FF26C162D600826122 /* CalendarListCellView.swift in Sources */ = {isa = PBXBuildFile; fileRef = 631977FE26C162D600826122 /* CalendarListCellView.swift */; };
		6319780326C1634000826122 /* ProfileView.swift in Sources */ = {isa = PBXBuildFile; fileRef = 6319780226C1634000826122 /* ProfileView.swift */; };
		6319780826C2E26D00826122 /* SettingsView.swift in Sources */ = {isa = PBXBuildFile; fileRef = 6319780726C2E26D00826122 /* SettingsView.swift */; };
		6319780B26C2E3AD00826122 /* MainView.swift in Sources */ = {isa = PBXBuildFile; fileRef = 6319780A26C2E3AD00826122 /* MainView.swift */; };
		633BD30226CA6C1100DD5D7F /* FSCalendar in Frameworks */ = {isa = PBXBuildFile; productRef = 633BD30126CA6C1100DD5D7F /* FSCalendar */; };
		633BD30426CBC7A100DD5D7F /* CalendarCustomViewModel.swift in Sources */ = {isa = PBXBuildFile; fileRef = 633BD30326CBC7A100DD5D7F /* CalendarCustomViewModel.swift */; };
		633BD30626CBD37400DD5D7F /* DateExtension.swift in Sources */ = {isa = PBXBuildFile; fileRef = 633BD30526CBD37400DD5D7F /* DateExtension.swift */; };
		633BD30926CD127300DD5D7F /* CalendarModel.swift in Sources */ = {isa = PBXBuildFile; fileRef = 633BD30826CD127300DD5D7F /* CalendarModel.swift */; };
		633BD30B26CD127D00DD5D7F /* MarkedDateModel.swift in Sources */ = {isa = PBXBuildFile; fileRef = 633BD30A26CD127D00DD5D7F /* MarkedDateModel.swift */; };
		633BD30D26CD132700DD5D7F /* StoredDataManager.swift in Sources */ = {isa = PBXBuildFile; fileRef = 633BD30C26CD132700DD5D7F /* StoredDataManager.swift */; };
		635356E626C6694D00FB7861 /* ColorExtension.swift in Sources */ = {isa = PBXBuildFile; fileRef = 635356E526C6694D00FB7861 /* ColorExtension.swift */; };
		635356E926C67A4000FB7861 /* IconPickerPopUp.swift in Sources */ = {isa = PBXBuildFile; fileRef = 635356E826C67A4000FB7861 /* IconPickerPopUp.swift */; };
		63618C2526BAA55800D161B7 /* CalendariosApp.swift in Sources */ = {isa = PBXBuildFile; fileRef = 63618C2426BAA55800D161B7 /* CalendariosApp.swift */; };
		63618C2926BAA55900D161B7 /* Assets.xcassets in Resources */ = {isa = PBXBuildFile; fileRef = 63618C2826BAA55900D161B7 /* Assets.xcassets */; };
		63618C2C26BAA55900D161B7 /* Preview Assets.xcassets in Resources */ = {isa = PBXBuildFile; fileRef = 63618C2B26BAA55900D161B7 /* Preview Assets.xcassets */; };
		63618C3C26BAA55900D161B7 /* CalendariosTests.swift in Sources */ = {isa = PBXBuildFile; fileRef = 63618C3B26BAA55900D161B7 /* CalendariosTests.swift */; };
		63618C4726BAA55900D161B7 /* CalendariosUITests.swift in Sources */ = {isa = PBXBuildFile; fileRef = 63618C4626BAA55900D161B7 /* CalendariosUITests.swift */; };
		63B133D126CA5907001635EE /* CalendarCustomView.swift in Sources */ = {isa = PBXBuildFile; fileRef = 63B133D026CA5907001635EE /* CalendarCustomView.swift */; };
		63D7415E26C3EFFD00F83691 /* Session.swift in Sources */ = {isa = PBXBuildFile; fileRef = 63D7415D26C3EFFD00F83691 /* Session.swift */; };
		63D7416026C3F12A00F83691 /* Mappable.swift in Sources */ = {isa = PBXBuildFile; fileRef = 63D7415F26C3F12A00F83691 /* Mappable.swift */; };
		63D7416226C3F14300F83691 /* UserModel.swift in Sources */ = {isa = PBXBuildFile; fileRef = 63D7416126C3F14300F83691 /* UserModel.swift */; };
		63D7416626C3F7B700F83691 /* CloudKit.framework in Frameworks */ = {isa = PBXBuildFile; fileRef = 63D7416526C3F7B700F83691 /* CloudKit.framework */; };
/* End PBXBuildFile section */

/* Begin PBXContainerItemProxy section */
		63618C3826BAA55900D161B7 /* PBXContainerItemProxy */ = {
			isa = PBXContainerItemProxy;
			containerPortal = 63618C1926BAA55800D161B7 /* Project object */;
			proxyType = 1;
			remoteGlobalIDString = 63618C2026BAA55800D161B7;
			remoteInfo = Calendarios;
		};
		63618C4326BAA55900D161B7 /* PBXContainerItemProxy */ = {
			isa = PBXContainerItemProxy;
			containerPortal = 63618C1926BAA55800D161B7 /* Project object */;
			proxyType = 1;
			remoteGlobalIDString = 63618C2026BAA55800D161B7;
			remoteInfo = Calendarios;
		};
/* End PBXContainerItemProxy section */

/* Begin PBXFileReference section */
		63112ECA26C5443C00B8EC8F /* TabbarController.swift */ = {isa = PBXFileReference; fileEncoding = 4; lastKnownFileType = sourcecode.swift; path = TabbarController.swift; sourceTree = "<group>"; };
		63112ECB26C5443D00B8EC8F /* TabbarView.swift */ = {isa = PBXFileReference; fileEncoding = 4; lastKnownFileType = sourcecode.swift; path = TabbarView.swift; sourceTree = "<group>"; };
		63112ECF26C56E6B00B8EC8F /* CalendarFormView.swift */ = {isa = PBXFileReference; lastKnownFileType = sourcecode.swift; path = CalendarFormView.swift; sourceTree = "<group>"; };
		63112ED126C56E7800B8EC8F /* CalendarDetailView.swift */ = {isa = PBXFileReference; lastKnownFileType = sourcecode.swift; path = CalendarDetailView.swift; sourceTree = "<group>"; };
		631977FA26C1629A00826122 /* CalendarListView.swift */ = {isa = PBXFileReference; lastKnownFileType = sourcecode.swift; path = CalendarListView.swift; sourceTree = "<group>"; };
		631977FC26C162AD00826122 /* CaledarsViewModel.swift */ = {isa = PBXFileReference; lastKnownFileType = sourcecode.swift; path = CaledarsViewModel.swift; sourceTree = "<group>"; };
		631977FE26C162D600826122 /* CalendarListCellView.swift */ = {isa = PBXFileReference; lastKnownFileType = sourcecode.swift; path = CalendarListCellView.swift; sourceTree = "<group>"; };
		6319780226C1634000826122 /* ProfileView.swift */ = {isa = PBXFileReference; lastKnownFileType = sourcecode.swift; path = ProfileView.swift; sourceTree = "<group>"; };
		6319780726C2E26D00826122 /* SettingsView.swift */ = {isa = PBXFileReference; lastKnownFileType = sourcecode.swift; path = SettingsView.swift; sourceTree = "<group>"; };
		6319780A26C2E3AD00826122 /* MainView.swift */ = {isa = PBXFileReference; lastKnownFileType = sourcecode.swift; path = MainView.swift; sourceTree = "<group>"; };
		633BD30326CBC7A100DD5D7F /* CalendarCustomViewModel.swift */ = {isa = PBXFileReference; lastKnownFileType = sourcecode.swift; path = CalendarCustomViewModel.swift; sourceTree = "<group>"; };
		633BD30526CBD37400DD5D7F /* DateExtension.swift */ = {isa = PBXFileReference; lastKnownFileType = sourcecode.swift; path = DateExtension.swift; sourceTree = "<group>"; };
		633BD30826CD127300DD5D7F /* CalendarModel.swift */ = {isa = PBXFileReference; lastKnownFileType = sourcecode.swift; path = CalendarModel.swift; sourceTree = "<group>"; };
		633BD30A26CD127D00DD5D7F /* MarkedDateModel.swift */ = {isa = PBXFileReference; lastKnownFileType = sourcecode.swift; path = MarkedDateModel.swift; sourceTree = "<group>"; };
		633BD30C26CD132700DD5D7F /* StoredDataManager.swift */ = {isa = PBXFileReference; lastKnownFileType = sourcecode.swift; path = StoredDataManager.swift; sourceTree = "<group>"; };
		635356E526C6694D00FB7861 /* ColorExtension.swift */ = {isa = PBXFileReference; lastKnownFileType = sourcecode.swift; path = ColorExtension.swift; sourceTree = "<group>"; };
		635356E826C67A4000FB7861 /* IconPickerPopUp.swift */ = {isa = PBXFileReference; lastKnownFileType = sourcecode.swift; path = IconPickerPopUp.swift; sourceTree = "<group>"; };
		63618C2126BAA55800D161B7 /* Calendarios.app */ = {isa = PBXFileReference; explicitFileType = wrapper.application; includeInIndex = 0; path = Calendarios.app; sourceTree = BUILT_PRODUCTS_DIR; };
		63618C2426BAA55800D161B7 /* CalendariosApp.swift */ = {isa = PBXFileReference; lastKnownFileType = sourcecode.swift; path = CalendariosApp.swift; sourceTree = "<group>"; };
		63618C2826BAA55900D161B7 /* Assets.xcassets */ = {isa = PBXFileReference; lastKnownFileType = folder.assetcatalog; path = Assets.xcassets; sourceTree = "<group>"; };
		63618C2B26BAA55900D161B7 /* Preview Assets.xcassets */ = {isa = PBXFileReference; lastKnownFileType = folder.assetcatalog; path = "Preview Assets.xcassets"; sourceTree = "<group>"; };
		63618C3226BAA55900D161B7 /* Info.plist */ = {isa = PBXFileReference; lastKnownFileType = text.plist.xml; path = Info.plist; sourceTree = "<group>"; };
		63618C3726BAA55900D161B7 /* CalendariosTests.xctest */ = {isa = PBXFileReference; explicitFileType = wrapper.cfbundle; includeInIndex = 0; path = CalendariosTests.xctest; sourceTree = BUILT_PRODUCTS_DIR; };
		63618C3B26BAA55900D161B7 /* CalendariosTests.swift */ = {isa = PBXFileReference; lastKnownFileType = sourcecode.swift; path = CalendariosTests.swift; sourceTree = "<group>"; };
		63618C3D26BAA55900D161B7 /* Info.plist */ = {isa = PBXFileReference; lastKnownFileType = text.plist.xml; path = Info.plist; sourceTree = "<group>"; };
		63618C4226BAA55900D161B7 /* CalendariosUITests.xctest */ = {isa = PBXFileReference; explicitFileType = wrapper.cfbundle; includeInIndex = 0; path = CalendariosUITests.xctest; sourceTree = BUILT_PRODUCTS_DIR; };
		63618C4626BAA55900D161B7 /* CalendariosUITests.swift */ = {isa = PBXFileReference; lastKnownFileType = sourcecode.swift; path = CalendariosUITests.swift; sourceTree = "<group>"; };
		63618C4826BAA55900D161B7 /* Info.plist */ = {isa = PBXFileReference; lastKnownFileType = text.plist.xml; path = Info.plist; sourceTree = "<group>"; };
		63B133D026CA5907001635EE /* CalendarCustomView.swift */ = {isa = PBXFileReference; lastKnownFileType = sourcecode.swift; path = CalendarCustomView.swift; sourceTree = "<group>"; };
		63D7415D26C3EFFD00F83691 /* Session.swift */ = {isa = PBXFileReference; fileEncoding = 4; lastKnownFileType = sourcecode.swift; path = Session.swift; sourceTree = "<group>"; };
		63D7415F26C3F12A00F83691 /* Mappable.swift */ = {isa = PBXFileReference; fileEncoding = 4; lastKnownFileType = sourcecode.swift; path = Mappable.swift; sourceTree = "<group>"; };
		63D7416126C3F14300F83691 /* UserModel.swift */ = {isa = PBXFileReference; fileEncoding = 4; lastKnownFileType = sourcecode.swift; path = UserModel.swift; sourceTree = "<group>"; };
		63D7416326C3F4CD00F83691 /* Calendarios.entitlements */ = {isa = PBXFileReference; lastKnownFileType = text.plist.entitlements; path = Calendarios.entitlements; sourceTree = "<group>"; };
		63D7416526C3F7B700F83691 /* CloudKit.framework */ = {isa = PBXFileReference; lastKnownFileType = wrapper.framework; name = CloudKit.framework; path = System/Library/Frameworks/CloudKit.framework; sourceTree = SDKROOT; };
/* End PBXFileReference section */

/* Begin PBXFrameworksBuildPhase section */
		63618C1E26BAA55800D161B7 /* Frameworks */ = {
			isa = PBXFrameworksBuildPhase;
			buildActionMask = 2147483647;
			files = (
				63D7416626C3F7B700F83691 /* CloudKit.framework in Frameworks */,
				633BD30226CA6C1100DD5D7F /* FSCalendar in Frameworks */,
			);
			runOnlyForDeploymentPostprocessing = 0;
		};
		63618C3426BAA55900D161B7 /* Frameworks */ = {
			isa = PBXFrameworksBuildPhase;
			buildActionMask = 2147483647;
			files = (
			);
			runOnlyForDeploymentPostprocessing = 0;
		};
		63618C3F26BAA55900D161B7 /* Frameworks */ = {
			isa = PBXFrameworksBuildPhase;
			buildActionMask = 2147483647;
			files = (
			);
			runOnlyForDeploymentPostprocessing = 0;
		};
/* End PBXFrameworksBuildPhase section */

/* Begin PBXGroup section */
		63112ECE26C5444100B8EC8F /* Tabbar */ = {
			isa = PBXGroup;
			children = (
				63112ECB26C5443D00B8EC8F /* TabbarView.swift */,
				63112ECA26C5443C00B8EC8F /* TabbarController.swift */,
			);
			path = Tabbar;
			sourceTree = "<group>";
		};
		6319780026C1632600826122 /* Calendars */ = {
			isa = PBXGroup;
			children = (
				631977FA26C1629A00826122 /* CalendarListView.swift */,
				63112ECF26C56E6B00B8EC8F /* CalendarFormView.swift */,
				63112ED126C56E7800B8EC8F /* CalendarDetailView.swift */,
				631977FE26C162D600826122 /* CalendarListCellView.swift */,
				63B133D026CA5907001635EE /* CalendarCustomView.swift */,
			);
			path = Calendars;
			sourceTree = "<group>";
		};
		6319780126C1633600826122 /* Profile */ = {
			isa = PBXGroup;
			children = (
				6319780226C1634000826122 /* ProfileView.swift */,
			);
			path = Profile;
			sourceTree = "<group>";
		};
		6319780626C2E24800826122 /* Settings */ = {
			isa = PBXGroup;
			children = (
				6319780726C2E26D00826122 /* SettingsView.swift */,
			);
			path = Settings;
			sourceTree = "<group>";
		};
		633BD30726CD126700DD5D7F /* Calendars */ = {
			isa = PBXGroup;
			children = (
				633BD30826CD127300DD5D7F /* CalendarModel.swift */,
				633BD30A26CD127D00DD5D7F /* MarkedDateModel.swift */,
			);
			path = Calendars;
			sourceTree = "<group>";
		};
		635356E726C67A2C00FB7861 /* PopUps */ = {
			isa = PBXGroup;
			children = (
				635356E826C67A4000FB7861 /* IconPickerPopUp.swift */,
			);
			path = PopUps;
			sourceTree = "<group>";
		};
		63618C1826BAA55800D161B7 = {
			isa = PBXGroup;
			children = (
				63618C2326BAA55800D161B7 /* Calendarios */,
				63618C3A26BAA55900D161B7 /* CalendariosTests */,
				63618C4526BAA55900D161B7 /* CalendariosUITests */,
				63618C2226BAA55800D161B7 /* Products */,
				63D7416426C3F7B700F83691 /* Frameworks */,
			);
			sourceTree = "<group>";
		};
		63618C2226BAA55800D161B7 /* Products */ = {
			isa = PBXGroup;
			children = (
				63618C2126BAA55800D161B7 /* Calendarios.app */,
				63618C3726BAA55900D161B7 /* CalendariosTests.xctest */,
				63618C4226BAA55900D161B7 /* CalendariosUITests.xctest */,
			);
			name = Products;
			sourceTree = "<group>";
		};
		63618C2326BAA55800D161B7 /* Calendarios */ = {
			isa = PBXGroup;
			children = (
				63D7416326C3F4CD00F83691 /* Calendarios.entitlements */,
				63618C2426BAA55800D161B7 /* CalendariosApp.swift */,
				637C37F826BF0370001BD323 /* Extensions */,
				637C37F926BF0376001BD323 /* Data */,
				637C37F626BF0362001BD323 /* Views */,
				637C37F726BF0368001BD323 /* ViewModels */,
				63618C2826BAA55900D161B7 /* Assets.xcassets */,
				63618C3226BAA55900D161B7 /* Info.plist */,
				63618C2A26BAA55900D161B7 /* Preview Content */,
			);
			path = Calendarios;
			sourceTree = "<group>";
		};
		63618C2A26BAA55900D161B7 /* Preview Content */ = {
			isa = PBXGroup;
			children = (
				63618C2B26BAA55900D161B7 /* Preview Assets.xcassets */,
			);
			path = "Preview Content";
			sourceTree = "<group>";
		};
		63618C3A26BAA55900D161B7 /* CalendariosTests */ = {
			isa = PBXGroup;
			children = (
				63618C3B26BAA55900D161B7 /* CalendariosTests.swift */,
				63618C3D26BAA55900D161B7 /* Info.plist */,
			);
			path = CalendariosTests;
			sourceTree = "<group>";
		};
		63618C4526BAA55900D161B7 /* CalendariosUITests */ = {
			isa = PBXGroup;
			children = (
				63618C4626BAA55900D161B7 /* CalendariosUITests.swift */,
				63618C4826BAA55900D161B7 /* Info.plist */,
			);
			path = CalendariosUITests;
			sourceTree = "<group>";
		};
		637C37F626BF0362001BD323 /* Views */ = {
			isa = PBXGroup;
			children = (
				635356E726C67A2C00FB7861 /* PopUps */,
				6319780A26C2E3AD00826122 /* MainView.swift */,
				63112ECE26C5444100B8EC8F /* Tabbar */,
				6319780026C1632600826122 /* Calendars */,
				6319780126C1633600826122 /* Profile */,
				6319780626C2E24800826122 /* Settings */,
			);
			path = Views;
			sourceTree = "<group>";
		};
		637C37F726BF0368001BD323 /* ViewModels */ = {
			isa = PBXGroup;
			children = (
				631977FC26C162AD00826122 /* CaledarsViewModel.swift */,
				633BD30326CBC7A100DD5D7F /* CalendarCustomViewModel.swift */,
			);
			path = ViewModels;
			sourceTree = "<group>";
		};
		637C37F826BF0370001BD323 /* Extensions */ = {
			isa = PBXGroup;
			children = (
				635356E526C6694D00FB7861 /* ColorExtension.swift */,
				633BD30526CBD37400DD5D7F /* DateExtension.swift */,
			);
			path = Extensions;
			sourceTree = "<group>";
		};
		637C37F926BF0376001BD323 /* Data */ = {
			isa = PBXGroup;
			children = (
				63D7415F26C3F12A00F83691 /* Mappable.swift */,
				63D7415D26C3EFFD00F83691 /* Session.swift */,
				633BD30C26CD132700DD5D7F /* StoredDataManager.swift */,
				63D7415926C3D8E800F83691 /* Models */,
			);
			path = Data;
			sourceTree = "<group>";
		};
		63D7415926C3D8E800F83691 /* Models */ = {
			isa = PBXGroup;
			children = (
				633BD30726CD126700DD5D7F /* Calendars */,
				63D7416126C3F14300F83691 /* UserModel.swift */,
			);
			path = Models;
			sourceTree = "<group>";
		};
		63D7416426C3F7B700F83691 /* Frameworks */ = {
			isa = PBXGroup;
			children = (
				63D7416526C3F7B700F83691 /* CloudKit.framework */,
			);
			name = Frameworks;
			sourceTree = "<group>";
		};
/* End PBXGroup section */

/* Begin PBXNativeTarget section */
		63618C2026BAA55800D161B7 /* Calendarios */ = {
			isa = PBXNativeTarget;
			buildConfigurationList = 63618C4B26BAA55900D161B7 /* Build configuration list for PBXNativeTarget "Calendarios" */;
			buildPhases = (
				63618C1D26BAA55800D161B7 /* Sources */,
				63618C1E26BAA55800D161B7 /* Frameworks */,
				63618C1F26BAA55800D161B7 /* Resources */,
			);
			buildRules = (
			);
			dependencies = (
			);
			name = Calendarios;
			packageProductDependencies = (
				633BD30126CA6C1100DD5D7F /* FSCalendar */,
			);
			productName = Calendarios;
			productReference = 63618C2126BAA55800D161B7 /* Calendarios.app */;
			productType = "com.apple.product-type.application";
		};
		63618C3626BAA55900D161B7 /* CalendariosTests */ = {
			isa = PBXNativeTarget;
			buildConfigurationList = 63618C4E26BAA55900D161B7 /* Build configuration list for PBXNativeTarget "CalendariosTests" */;
			buildPhases = (
				63618C3326BAA55900D161B7 /* Sources */,
				63618C3426BAA55900D161B7 /* Frameworks */,
				63618C3526BAA55900D161B7 /* Resources */,
			);
			buildRules = (
			);
			dependencies = (
				63618C3926BAA55900D161B7 /* PBXTargetDependency */,
			);
			name = CalendariosTests;
			productName = CalendariosTests;
			productReference = 63618C3726BAA55900D161B7 /* CalendariosTests.xctest */;
			productType = "com.apple.product-type.bundle.unit-test";
		};
		63618C4126BAA55900D161B7 /* CalendariosUITests */ = {
			isa = PBXNativeTarget;
			buildConfigurationList = 63618C5126BAA55900D161B7 /* Build configuration list for PBXNativeTarget "CalendariosUITests" */;
			buildPhases = (
				63618C3E26BAA55900D161B7 /* Sources */,
				63618C3F26BAA55900D161B7 /* Frameworks */,
				63618C4026BAA55900D161B7 /* Resources */,
			);
			buildRules = (
			);
			dependencies = (
				63618C4426BAA55900D161B7 /* PBXTargetDependency */,
			);
			name = CalendariosUITests;
			productName = CalendariosUITests;
			productReference = 63618C4226BAA55900D161B7 /* CalendariosUITests.xctest */;
			productType = "com.apple.product-type.bundle.ui-testing";
		};
/* End PBXNativeTarget section */

/* Begin PBXProject section */
		63618C1926BAA55800D161B7 /* Project object */ = {
			isa = PBXProject;
			attributes = {
				LastSwiftUpdateCheck = 1250;
				LastUpgradeCheck = 1250;
				TargetAttributes = {
					63618C2026BAA55800D161B7 = {
						CreatedOnToolsVersion = 12.5;
					};
					63618C3626BAA55900D161B7 = {
						CreatedOnToolsVersion = 12.5;
						TestTargetID = 63618C2026BAA55800D161B7;
					};
					63618C4126BAA55900D161B7 = {
						CreatedOnToolsVersion = 12.5;
						TestTargetID = 63618C2026BAA55800D161B7;
					};
				};
			};
			buildConfigurationList = 63618C1C26BAA55800D161B7 /* Build configuration list for PBXProject "Calendarios" */;
			compatibilityVersion = "Xcode 9.3";
			developmentRegion = en;
			hasScannedForEncodings = 0;
			knownRegions = (
				en,
				Base,
			);
			mainGroup = 63618C1826BAA55800D161B7;
			packageReferences = (
				633BD30026CA6C1100DD5D7F /* XCRemoteSwiftPackageReference "FSCalendar" */,
			);
			productRefGroup = 63618C2226BAA55800D161B7 /* Products */;
			projectDirPath = "";
			projectRoot = "";
			targets = (
				63618C2026BAA55800D161B7 /* Calendarios */,
				63618C3626BAA55900D161B7 /* CalendariosTests */,
				63618C4126BAA55900D161B7 /* CalendariosUITests */,
			);
		};
/* End PBXProject section */

/* Begin PBXResourcesBuildPhase section */
		63618C1F26BAA55800D161B7 /* Resources */ = {
			isa = PBXResourcesBuildPhase;
			buildActionMask = 2147483647;
			files = (
				63618C2C26BAA55900D161B7 /* Preview Assets.xcassets in Resources */,
				63618C2926BAA55900D161B7 /* Assets.xcassets in Resources */,
			);
			runOnlyForDeploymentPostprocessing = 0;
		};
		63618C3526BAA55900D161B7 /* Resources */ = {
			isa = PBXResourcesBuildPhase;
			buildActionMask = 2147483647;
			files = (
			);
			runOnlyForDeploymentPostprocessing = 0;
		};
		63618C4026BAA55900D161B7 /* Resources */ = {
			isa = PBXResourcesBuildPhase;
			buildActionMask = 2147483647;
			files = (
			);
			runOnlyForDeploymentPostprocessing = 0;
		};
/* End PBXResourcesBuildPhase section */

/* Begin PBXSourcesBuildPhase section */
		63618C1D26BAA55800D161B7 /* Sources */ = {
			isa = PBXSourcesBuildPhase;
			buildActionMask = 2147483647;
			files = (
				63D7415E26C3EFFD00F83691 /* Session.swift in Sources */,
				633BD30926CD127300DD5D7F /* CalendarModel.swift in Sources */,
				633BD30426CBC7A100DD5D7F /* CalendarCustomViewModel.swift in Sources */,
				63112ED226C56E7800B8EC8F /* CalendarDetailView.swift in Sources */,
				63D7416026C3F12A00F83691 /* Mappable.swift in Sources */,
				635356E626C6694D00FB7861 /* ColorExtension.swift in Sources */,
				633BD30B26CD127D00DD5D7F /* MarkedDateModel.swift in Sources */,
				63112ECD26C5443D00B8EC8F /* TabbarView.swift in Sources */,
				631977FD26C162AD00826122 /* CaledarsViewModel.swift in Sources */,
				6319780326C1634000826122 /* ProfileView.swift in Sources */,
				631977FB26C1629A00826122 /* CalendarListView.swift in Sources */,
				63112ECC26C5443D00B8EC8F /* TabbarController.swift in Sources */,
				635356E926C67A4000FB7861 /* IconPickerPopUp.swift in Sources */,
				633BD30626CBD37400DD5D7F /* DateExtension.swift in Sources */,
				633BD30D26CD132700DD5D7F /* StoredDataManager.swift in Sources */,
				6319780826C2E26D00826122 /* SettingsView.swift in Sources */,
				63112ED026C56E6B00B8EC8F /* CalendarFormView.swift in Sources */,
				63D7416226C3F14300F83691 /* UserModel.swift in Sources */,
				6319780B26C2E3AD00826122 /* MainView.swift in Sources */,
				631977FF26C162D600826122 /* CalendarListCellView.swift in Sources */,
				63B133D126CA5907001635EE /* CalendarCustomView.swift in Sources */,
				63618C2526BAA55800D161B7 /* CalendariosApp.swift in Sources */,
			);
			runOnlyForDeploymentPostprocessing = 0;
		};
		63618C3326BAA55900D161B7 /* Sources */ = {
			isa = PBXSourcesBuildPhase;
			buildActionMask = 2147483647;
			files = (
				63618C3C26BAA55900D161B7 /* CalendariosTests.swift in Sources */,
			);
			runOnlyForDeploymentPostprocessing = 0;
		};
		63618C3E26BAA55900D161B7 /* Sources */ = {
			isa = PBXSourcesBuildPhase;
			buildActionMask = 2147483647;
			files = (
				63618C4726BAA55900D161B7 /* CalendariosUITests.swift in Sources */,
			);
			runOnlyForDeploymentPostprocessing = 0;
		};
/* End PBXSourcesBuildPhase section */

/* Begin PBXTargetDependency section */
		63618C3926BAA55900D161B7 /* PBXTargetDependency */ = {
			isa = PBXTargetDependency;
			target = 63618C2026BAA55800D161B7 /* Calendarios */;
			targetProxy = 63618C3826BAA55900D161B7 /* PBXContainerItemProxy */;
		};
		63618C4426BAA55900D161B7 /* PBXTargetDependency */ = {
			isa = PBXTargetDependency;
			target = 63618C2026BAA55800D161B7 /* Calendarios */;
			targetProxy = 63618C4326BAA55900D161B7 /* PBXContainerItemProxy */;
		};
/* End PBXTargetDependency section */

/* Begin XCBuildConfiguration section */
		63618C4926BAA55900D161B7 /* Debug */ = {
			isa = XCBuildConfiguration;
			buildSettings = {
				ALWAYS_SEARCH_USER_PATHS = NO;
				CLANG_ANALYZER_NONNULL = YES;
				CLANG_ANALYZER_NUMBER_OBJECT_CONVERSION = YES_AGGRESSIVE;
				CLANG_CXX_LANGUAGE_STANDARD = "gnu++14";
				CLANG_CXX_LIBRARY = "libc++";
				CLANG_ENABLE_MODULES = YES;
				CLANG_ENABLE_OBJC_ARC = YES;
				CLANG_ENABLE_OBJC_WEAK = YES;
				CLANG_WARN_BLOCK_CAPTURE_AUTORELEASING = YES;
				CLANG_WARN_BOOL_CONVERSION = YES;
				CLANG_WARN_COMMA = YES;
				CLANG_WARN_CONSTANT_CONVERSION = YES;
				CLANG_WARN_DEPRECATED_OBJC_IMPLEMENTATIONS = YES;
				CLANG_WARN_DIRECT_OBJC_ISA_USAGE = YES_ERROR;
				CLANG_WARN_DOCUMENTATION_COMMENTS = YES;
				CLANG_WARN_EMPTY_BODY = YES;
				CLANG_WARN_ENUM_CONVERSION = YES;
				CLANG_WARN_INFINITE_RECURSION = YES;
				CLANG_WARN_INT_CONVERSION = YES;
				CLANG_WARN_NON_LITERAL_NULL_CONVERSION = YES;
				CLANG_WARN_OBJC_IMPLICIT_RETAIN_SELF = YES;
				CLANG_WARN_OBJC_LITERAL_CONVERSION = YES;
				CLANG_WARN_OBJC_ROOT_CLASS = YES_ERROR;
				CLANG_WARN_QUOTED_INCLUDE_IN_FRAMEWORK_HEADER = YES;
				CLANG_WARN_RANGE_LOOP_ANALYSIS = YES;
				CLANG_WARN_STRICT_PROTOTYPES = YES;
				CLANG_WARN_SUSPICIOUS_MOVE = YES;
				CLANG_WARN_UNGUARDED_AVAILABILITY = YES_AGGRESSIVE;
				CLANG_WARN_UNREACHABLE_CODE = YES;
				CLANG_WARN__DUPLICATE_METHOD_MATCH = YES;
				COPY_PHASE_STRIP = NO;
				DEBUG_INFORMATION_FORMAT = dwarf;
				ENABLE_STRICT_OBJC_MSGSEND = YES;
				ENABLE_TESTABILITY = YES;
				GCC_C_LANGUAGE_STANDARD = gnu11;
				GCC_DYNAMIC_NO_PIC = NO;
				GCC_NO_COMMON_BLOCKS = YES;
				GCC_OPTIMIZATION_LEVEL = 0;
				GCC_PREPROCESSOR_DEFINITIONS = (
					"DEBUG=1",
					"$(inherited)",
				);
				GCC_WARN_64_TO_32_BIT_CONVERSION = YES;
				GCC_WARN_ABOUT_RETURN_TYPE = YES_ERROR;
				GCC_WARN_UNDECLARED_SELECTOR = YES;
				GCC_WARN_UNINITIALIZED_AUTOS = YES_AGGRESSIVE;
				GCC_WARN_UNUSED_FUNCTION = YES;
				GCC_WARN_UNUSED_VARIABLE = YES;
				IPHONEOS_DEPLOYMENT_TARGET = 14.5;
				MTL_ENABLE_DEBUG_INFO = INCLUDE_SOURCE;
				MTL_FAST_MATH = YES;
				ONLY_ACTIVE_ARCH = YES;
				SDKROOT = iphoneos;
				SWIFT_ACTIVE_COMPILATION_CONDITIONS = DEBUG;
				SWIFT_OPTIMIZATION_LEVEL = "-Onone";
			};
			name = Debug;
		};
		63618C4A26BAA55900D161B7 /* Release */ = {
			isa = XCBuildConfiguration;
			buildSettings = {
				ALWAYS_SEARCH_USER_PATHS = NO;
				CLANG_ANALYZER_NONNULL = YES;
				CLANG_ANALYZER_NUMBER_OBJECT_CONVERSION = YES_AGGRESSIVE;
				CLANG_CXX_LANGUAGE_STANDARD = "gnu++14";
				CLANG_CXX_LIBRARY = "libc++";
				CLANG_ENABLE_MODULES = YES;
				CLANG_ENABLE_OBJC_ARC = YES;
				CLANG_ENABLE_OBJC_WEAK = YES;
				CLANG_WARN_BLOCK_CAPTURE_AUTORELEASING = YES;
				CLANG_WARN_BOOL_CONVERSION = YES;
				CLANG_WARN_COMMA = YES;
				CLANG_WARN_CONSTANT_CONVERSION = YES;
				CLANG_WARN_DEPRECATED_OBJC_IMPLEMENTATIONS = YES;
				CLANG_WARN_DIRECT_OBJC_ISA_USAGE = YES_ERROR;
				CLANG_WARN_DOCUMENTATION_COMMENTS = YES;
				CLANG_WARN_EMPTY_BODY = YES;
				CLANG_WARN_ENUM_CONVERSION = YES;
				CLANG_WARN_INFINITE_RECURSION = YES;
				CLANG_WARN_INT_CONVERSION = YES;
				CLANG_WARN_NON_LITERAL_NULL_CONVERSION = YES;
				CLANG_WARN_OBJC_IMPLICIT_RETAIN_SELF = YES;
				CLANG_WARN_OBJC_LITERAL_CONVERSION = YES;
				CLANG_WARN_OBJC_ROOT_CLASS = YES_ERROR;
				CLANG_WARN_QUOTED_INCLUDE_IN_FRAMEWORK_HEADER = YES;
				CLANG_WARN_RANGE_LOOP_ANALYSIS = YES;
				CLANG_WARN_STRICT_PROTOTYPES = YES;
				CLANG_WARN_SUSPICIOUS_MOVE = YES;
				CLANG_WARN_UNGUARDED_AVAILABILITY = YES_AGGRESSIVE;
				CLANG_WARN_UNREACHABLE_CODE = YES;
				CLANG_WARN__DUPLICATE_METHOD_MATCH = YES;
				COPY_PHASE_STRIP = NO;
				DEBUG_INFORMATION_FORMAT = "dwarf-with-dsym";
				ENABLE_NS_ASSERTIONS = NO;
				ENABLE_STRICT_OBJC_MSGSEND = YES;
				GCC_C_LANGUAGE_STANDARD = gnu11;
				GCC_NO_COMMON_BLOCKS = YES;
				GCC_WARN_64_TO_32_BIT_CONVERSION = YES;
				GCC_WARN_ABOUT_RETURN_TYPE = YES_ERROR;
				GCC_WARN_UNDECLARED_SELECTOR = YES;
				GCC_WARN_UNINITIALIZED_AUTOS = YES_AGGRESSIVE;
				GCC_WARN_UNUSED_FUNCTION = YES;
				GCC_WARN_UNUSED_VARIABLE = YES;
				IPHONEOS_DEPLOYMENT_TARGET = 14.5;
				MTL_ENABLE_DEBUG_INFO = NO;
				MTL_FAST_MATH = YES;
				SDKROOT = iphoneos;
				SWIFT_COMPILATION_MODE = wholemodule;
				SWIFT_OPTIMIZATION_LEVEL = "-O";
				VALIDATE_PRODUCT = YES;
			};
			name = Release;
		};
		63618C4C26BAA55900D161B7 /* Debug */ = {
			isa = XCBuildConfiguration;
			buildSettings = {
				ASSETCATALOG_COMPILER_APPICON_NAME = AppIcon;
				ASSETCATALOG_COMPILER_GLOBAL_ACCENT_COLOR_NAME = AccentColor;
				CODE_SIGN_ENTITLEMENTS = Calendarios/Calendarios.entitlements;
				CODE_SIGN_STYLE = Automatic;
				DEVELOPMENT_ASSET_PATHS = "\"Calendarios/Preview Content\"";
				DEVELOPMENT_TEAM = 5Y9TY9M8N6;
				ENABLE_PREVIEWS = YES;
				INFOPLIST_FILE = Calendarios/Info.plist;
				IPHONEOS_DEPLOYMENT_TARGET = 14.1;
				LD_RUNPATH_SEARCH_PATHS = (
					"$(inherited)",
					"@executable_path/Frameworks",
				);
				PRODUCT_BUNDLE_IDENTIFIER = davidtejedor.Calendarios;
				PRODUCT_NAME = "$(TARGET_NAME)";
				SWIFT_VERSION = 5.0;
				TARGETED_DEVICE_FAMILY = "1,2";
			};
			name = Debug;
		};
		63618C4D26BAA55900D161B7 /* Release */ = {
			isa = XCBuildConfiguration;
			buildSettings = {
				ASSETCATALOG_COMPILER_APPICON_NAME = AppIcon;
				ASSETCATALOG_COMPILER_GLOBAL_ACCENT_COLOR_NAME = AccentColor;
				CODE_SIGN_ENTITLEMENTS = Calendarios/Calendarios.entitlements;
				CODE_SIGN_STYLE = Automatic;
				DEVELOPMENT_ASSET_PATHS = "\"Calendarios/Preview Content\"";
				DEVELOPMENT_TEAM = 5Y9TY9M8N6;
				ENABLE_PREVIEWS = YES;
				INFOPLIST_FILE = Calendarios/Info.plist;
				IPHONEOS_DEPLOYMENT_TARGET = 14.1;
				LD_RUNPATH_SEARCH_PATHS = (
					"$(inherited)",
					"@executable_path/Frameworks",
				);
				PRODUCT_BUNDLE_IDENTIFIER = davidtejedor.Calendarios;
				PRODUCT_NAME = "$(TARGET_NAME)";
				SWIFT_VERSION = 5.0;
				TARGETED_DEVICE_FAMILY = "1,2";
			};
			name = Release;
		};
		63618C4F26BAA55900D161B7 /* Debug */ = {
			isa = XCBuildConfiguration;
			buildSettings = {
				ALWAYS_EMBED_SWIFT_STANDARD_LIBRARIES = YES;
				BUNDLE_LOADER = "$(TEST_HOST)";
				CODE_SIGN_STYLE = Automatic;
				DEVELOPMENT_TEAM = 5Y9TY9M8N6;
				INFOPLIST_FILE = CalendariosTests/Info.plist;
				IPHONEOS_DEPLOYMENT_TARGET = 14.1;
				LD_RUNPATH_SEARCH_PATHS = (
					"$(inherited)",
					"@executable_path/Frameworks",
					"@loader_path/Frameworks",
				);
				PRODUCT_BUNDLE_IDENTIFIER = davidtejedor.CalendariosTests;
				PRODUCT_NAME = "$(TARGET_NAME)";
				SWIFT_VERSION = 5.0;
				TARGETED_DEVICE_FAMILY = "1,2";
				TEST_HOST = "$(BUILT_PRODUCTS_DIR)/Calendarios.app/Calendarios";
			};
			name = Debug;
		};
		63618C5026BAA55900D161B7 /* Release */ = {
			isa = XCBuildConfiguration;
			buildSettings = {
				ALWAYS_EMBED_SWIFT_STANDARD_LIBRARIES = YES;
				BUNDLE_LOADER = "$(TEST_HOST)";
				CODE_SIGN_STYLE = Automatic;
				DEVELOPMENT_TEAM = 5Y9TY9M8N6;
				INFOPLIST_FILE = CalendariosTests/Info.plist;
				IPHONEOS_DEPLOYMENT_TARGET = 14.1;
				LD_RUNPATH_SEARCH_PATHS = (
					"$(inherited)",
					"@executable_path/Frameworks",
					"@loader_path/Frameworks",
				);
				PRODUCT_BUNDLE_IDENTIFIER = davidtejedor.CalendariosTests;
				PRODUCT_NAME = "$(TARGET_NAME)";
				SWIFT_VERSION = 5.0;
				TARGETED_DEVICE_FAMILY = "1,2";
				TEST_HOST = "$(BUILT_PRODUCTS_DIR)/Calendarios.app/Calendarios";
			};
			name = Release;
		};
		63618C5226BAA55900D161B7 /* Debug */ = {
			isa = XCBuildConfiguration;
			buildSettings = {
				ALWAYS_EMBED_SWIFT_STANDARD_LIBRARIES = YES;
				CODE_SIGN_STYLE = Automatic;
				DEVELOPMENT_TEAM = 5Y9TY9M8N6;
				INFOPLIST_FILE = CalendariosUITests/Info.plist;
				LD_RUNPATH_SEARCH_PATHS = (
					"$(inherited)",
					"@executable_path/Frameworks",
					"@loader_path/Frameworks",
				);
				PRODUCT_BUNDLE_IDENTIFIER = davidtejedor.CalendariosUITests;
				PRODUCT_NAME = "$(TARGET_NAME)";
				SWIFT_VERSION = 5.0;
				TARGETED_DEVICE_FAMILY = "1,2";
				TEST_TARGET_NAME = Calendarios;
			};
			name = Debug;
		};
		63618C5326BAA55900D161B7 /* Release */ = {
			isa = XCBuildConfiguration;
			buildSettings = {
				ALWAYS_EMBED_SWIFT_STANDARD_LIBRARIES = YES;
				CODE_SIGN_STYLE = Automatic;
				DEVELOPMENT_TEAM = 5Y9TY9M8N6;
				INFOPLIST_FILE = CalendariosUITests/Info.plist;
				LD_RUNPATH_SEARCH_PATHS = (
					"$(inherited)",
					"@executable_path/Frameworks",
					"@loader_path/Frameworks",
				);
				PRODUCT_BUNDLE_IDENTIFIER = davidtejedor.CalendariosUITests;
				PRODUCT_NAME = "$(TARGET_NAME)";
				SWIFT_VERSION = 5.0;
				TARGETED_DEVICE_FAMILY = "1,2";
				TEST_TARGET_NAME = Calendarios;
			};
			name = Release;
		};
/* End XCBuildConfiguration section */

/* Begin XCConfigurationList section */
		63618C1C26BAA55800D161B7 /* Build configuration list for PBXProject "Calendarios" */ = {
			isa = XCConfigurationList;
			buildConfigurations = (
				63618C4926BAA55900D161B7 /* Debug */,
				63618C4A26BAA55900D161B7 /* Release */,
			);
			defaultConfigurationIsVisible = 0;
			defaultConfigurationName = Release;
		};
		63618C4B26BAA55900D161B7 /* Build configuration list for PBXNativeTarget "Calendarios" */ = {
			isa = XCConfigurationList;
			buildConfigurations = (
				63618C4C26BAA55900D161B7 /* Debug */,
				63618C4D26BAA55900D161B7 /* Release */,
			);
			defaultConfigurationIsVisible = 0;
			defaultConfigurationName = Release;
		};
		63618C4E26BAA55900D161B7 /* Build configuration list for PBXNativeTarget "CalendariosTests" */ = {
			isa = XCConfigurationList;
			buildConfigurations = (
				63618C4F26BAA55900D161B7 /* Debug */,
				63618C5026BAA55900D161B7 /* Release */,
			);
			defaultConfigurationIsVisible = 0;
			defaultConfigurationName = Release;
		};
		63618C5126BAA55900D161B7 /* Build configuration list for PBXNativeTarget "CalendariosUITests" */ = {
			isa = XCConfigurationList;
			buildConfigurations = (
				63618C5226BAA55900D161B7 /* Debug */,
				63618C5326BAA55900D161B7 /* Release */,
			);
			defaultConfigurationIsVisible = 0;
			defaultConfigurationName = Release;
		};
/* End XCConfigurationList section */

/* Begin XCRemoteSwiftPackageReference section */
		633BD30026CA6C1100DD5D7F /* XCRemoteSwiftPackageReference "FSCalendar" */ = {
			isa = XCRemoteSwiftPackageReference;
			repositoryURL = "https://github.com/WenchaoD/FSCalendar.git";
			requirement = {
				kind = upToNextMajorVersion;
				minimumVersion = 2.8.2;
			};
		};
/* End XCRemoteSwiftPackageReference section */

/* Begin XCSwiftPackageProductDependency section */
		633BD30126CA6C1100DD5D7F /* FSCalendar */ = {
			isa = XCSwiftPackageProductDependency;
			package = 633BD30026CA6C1100DD5D7F /* XCRemoteSwiftPackageReference "FSCalendar" */;
			productName = FSCalendar;
		};
/* End XCSwiftPackageProductDependency section */
	};
	rootObject = 63618C1926BAA55800D161B7 /* Project object */;
}
